
Microsoft Visual Studio Solution File, Format Version 12.00
# Visual Studio Version 17
VisualStudioVersion = 17.0.32014.148
MinimumVisualStudioVersion = 10.0.40219.1
Project("{FAE04EC0-301F-11D3-BF4B-00C04F79EFBC}") = "FNR", "FNR\FNR.csproj", "{24FEDFB6-20FD-4CB5-B1FC-5482C9194984}"
EndProject
Global
	GlobalSection(SolutionConfigurationPlatforms) = preSolution
		Debug|Any CPU = Debug|Any CPU
		Release|Any CPU = Release|Any CPU
	EndGlobalSection
	GlobalSection(ProjectConfigurationPlatforms) = postSolution
		{24FEDFB6-20FD-4CB5-B1FC-5482C9194984}.Debug|Any CPU.ActiveCfg = Debug|Any CPU
		{24FEDFB6-20FD-4CB5-B1FC-5482C9194984}.Debug|Any CPU.Build.0 = Debug|Any CPU
		{24FEDFB6-20FD-4CB5-B1FC-5482C9194984}.Release|Any CPU.ActiveCfg = Release|Any CPU
		{24FEDFB6-20FD-4CB5-B1FC-5482C9194984}.Release|Any CPU.Build.0 = Release|Any CPU
	EndGlobalSection
	GlobalSection(SolutionProperties) = preSolution
		HideSolutionNode = FALSE
	EndGlobalSection
	GlobalSection(ExtensibilityGlobals) = postSolution
		SolutionGuid = {62429BD9-972A-412C-B8CC-550690F8F187}
	EndGlobalSection
EndGlobal
